lockfileVersion: 5.3

specifiers:
  '@vue/compiler-sfc': ^3.2.31
  local-pkg: ^0.4.1
  tslib: ^2.3.1
  unplugin: ^0.6.1

dependencies:
  local-pkg: registry.npmmirror.com/local-pkg/0.4.1
  unplugin: registry.npmmirror.com/unplugin/0.6.1

devDependencies:
  '@vue/compiler-sfc': registry.npmmirror.com/@vue/compiler-sfc/3.2.31
  tslib: registry.npmmirror.com/tslib/2.3.1

packages:

  registry.npmmirror.com/@babel/parser/7.17.8:
    resolution: {integrity: sha512-BoHhDJrJXqcg+ZL16Xv39H9n+AqJ4pcDrQBGZN+wHxIysrLZ3/ECwCBUch/1zUNhnsXULcONU3Ei5Hmkfk6kiQ==, registry: https://registry.nlark.com/, tarball: https://registry.npmmirror.com/@babel/parser/-/parser-7.17.8.tgz}
    name: '@babel/parser'
    version: 7.17.8
    engines: {node: '>=6.0.0'}
    hasBin: true
    dev: true

  registry.npmmirror.com/@vue/compiler-core/3.2.31:
    resolution: {integrity: sha512-aKno00qoA4o+V/kR6i/pE+aP+esng5siNAVQ422TkBNM6qA4veXiZbSe8OTXHXquEi/f6Akc+nLfB4JGfe4/WQ==, registry: https://registry.nlark.com/, tarball: https://registry.npmmirror.com/@vue/compiler-core/-/compiler-core-3.2.31.tgz}
    name: '@vue/compiler-core'
    version: 3.2.31
    dependencies:
      '@babel/parser': registry.npmmirror.com/@babel/parser/7.17.8
      '@vue/shared': registry.npmmirror.com/@vue/shared/3.2.31
      estree-walker: registry.npmmirror.com/estree-walker/2.0.2
      source-map: registry.npmmirror.com/source-map/0.6.1
    dev: true

  registry.npmmirror.com/@vue/compiler-dom/3.2.31:
    resolution: {integrity: sha512-60zIlFfzIDf3u91cqfqy9KhCKIJgPeqxgveH2L+87RcGU/alT6BRrk5JtUso0OibH3O7NXuNOQ0cDc9beT0wrg==, registry: https://registry.nlark.com/, tarball: https://registry.npmmirror.com/@vue/compiler-dom/-/compiler-dom-3.2.31.tgz}
    name: '@vue/compiler-dom'
    version: 3.2.31
    dependencies:
      '@vue/compiler-core': registry.npmmirror.com/@vue/compiler-core/3.2.31
      '@vue/shared': registry.npmmirror.com/@vue/shared/3.2.31
    dev: true

  registry.npmmirror.com/@vue/compiler-sfc/3.2.31:
    resolution: {integrity: sha512-748adc9msSPGzXgibHiO6T7RWgfnDcVQD+VVwYgSsyyY8Ans64tALHZANrKtOzvkwznV/F4H7OAod/jIlp/dkQ==, registry: https://registry.nlark.com/, tarball: https://registry.npmmirror.com/@vue/compiler-sfc/-/compiler-sfc-3.2.31.tgz}
    name: '@vue/compiler-sfc'
    version: 3.2.31
    dependencies:
      '@babel/parser': registry.npmmirror.com/@babel/parser/7.17.8
      '@vue/compiler-core': registry.npmmirror.com/@vue/compiler-core/3.2.31
      '@vue/compiler-dom': registry.npmmirror.com/@vue/compiler-dom/3.2.31
      '@vue/compiler-ssr': registry.npmmirror.com/@vue/compiler-ssr/3.2.31
      '@vue/reactivity-transform': registry.npmmirror.com/@vue/reactivity-transform/3.2.31
      '@vue/shared': registry.npmmirror.com/@vue/shared/3.2.31
      estree-walker: registry.npmmirror.com/estree-walker/2.0.2
      magic-string: registry.npmmirror.com/magic-string/0.25.9
      postcss: registry.npmmirror.com/postcss/8.4.12
      source-map: registry.npmmirror.com/source-map/0.6.1
    dev: true

  registry.npmmirror.com/@vue/compiler-ssr/3.2.31:
    resolution: {integrity: sha512-mjN0rqig+A8TVDnsGPYJM5dpbjlXeHUm2oZHZwGyMYiGT/F4fhJf/cXy8QpjnLQK4Y9Et4GWzHn9PS8AHUnSkw==, registry: https://registry.nlark.com/, tarball: https://registry.npmmirror.com/@vue/compiler-ssr/-/compiler-ssr-3.2.31.tgz}
    name: '@vue/compiler-ssr'
    version: 3.2.31
    dependencies:
      '@vue/compiler-dom': registry.npmmirror.com/@vue/compiler-dom/3.2.31
      '@vue/shared': registry.npmmirror.com/@vue/shared/3.2.31
    dev: true

  registry.npmmirror.com/@vue/reactivity-transform/3.2.31:
    resolution: {integrity: sha512-uS4l4z/W7wXdI+Va5pgVxBJ345wyGFKvpPYtdSgvfJfX/x2Ymm6ophQlXXB6acqGHtXuBqNyyO3zVp9b1r0MOA==, registry: https://registry.nlark.com/, tarball: https://registry.npmmirror.com/@vue/reactivity-transform/-/reactivity-transform-3.2.31.tgz}
    name: '@vue/reactivity-transform'
    version: 3.2.31
    dependencies:
      '@babel/parser': registry.npmmirror.com/@babel/parser/7.17.8
      '@vue/compiler-core': registry.npmmirror.com/@vue/compiler-core/3.2.31
      '@vue/shared': registry.npmmirror.com/@vue/shared/3.2.31
      estree-walker: registry.npmmirror.com/estree-walker/2.0.2
      magic-string: registry.npmmirror.com/magic-string/0.25.9
    dev: true

  registry.npmmirror.com/@vue/shared/3.2.31:
    resolution: {integrity: sha512-ymN2pj6zEjiKJZbrf98UM2pfDd6F2H7ksKw7NDt/ZZ1fh5Ei39X5tABugtT03ZRlWd9imccoK0hE8hpjpU7irQ==, registry: https://registry.nlark.com/, tarball: https://registry.npmmirror.com/@vue/shared/-/shared-3.2.31.tgz}
    name: '@vue/shared'
    version: 3.2.31
    dev: true

  registry.npmmirror.com/anymatch/3.1.2:
    resolution: {integrity: sha512-P43ePfOAIupkguHUycrc4qJ9kz8ZiuOUijaETwX7THt0Y/GNK7v0aa8rY816xWjZ7rJdA5XdMcpVFTKMq+RvWg==, registry: https://registry.nlark.com/, tarball: https://registry.npmmirror.com/anymatch/-/anymatch-3.1.2.tgz}
    name: anymatch
    version: 3.1.2
    engines: {node: '>= 8'}
    dependencies:
      normalize-path: registry.npmmirror.com/normalize-path/3.0.0
      picomatch: registry.npmmirror.com/picomatch/2.3.1
    dev: false

  registry.npmmirror.com/binary-extensions/2.2.0:
    resolution: {integrity: sha512-jDctJ/IVQbZoJykoeHbhXpOlNBqGNcwXJKJog42E5HDPUwQTSdjCHdihjj0DlnheQ7blbT6dHOafNAiS8ooQKA==, registry: https://registry.nlark.com/, tarball: https://registry.npmmirror.com/binary-extensions/-/binary-extensions-2.2.0.tgz}
    name: binary-extensions
    version: 2.2.0
    engines: {node: '>=8'}
    dev: false

  registry.npmmirror.com/braces/3.0.2:
    resolution: {integrity: sha512-b8um+L1RzM3WDSzvhm6gIz1yfTbBt6YTlcEKAvsmqCZZFw46z626lVj9j1yEPW33H5H+lBQpZMP1k8l+78Ha0A==, registry: https://registry.nlark.com/, tarball: https://registry.npmmirror.com/braces/-/braces-3.0.2.tgz}
    name: braces
    version: 3.0.2
    engines: {node: '>=8'}
    dependencies:
      fill-range: registry.npmmirror.com/fill-range/7.0.1
    dev: false

  registry.npmmirror.com/chokidar/3.5.3:
    resolution: {integrity: sha512-Dr3sfKRP6oTcjf2JmUmFJfeVMvXBdegxB0iVQ5eb2V10uFJUCAS8OByZdVAyVb8xXNz3GjjTgj9kLWsZTqE6kw==, registry: https://registry.nlark.com/, tarball: https://registry.npmmirror.com/chokidar/-/chokidar-3.5.3.tgz}
    name: chokidar
    version: 3.5.3
    engines: {node: '>= 8.10.0'}
    dependencies:
      anymatch: registry.npmmirror.com/anymatch/3.1.2
      braces: registry.npmmirror.com/braces/3.0.2
      glob-parent: registry.npmmirror.com/glob-parent/5.1.2
      is-binary-path: registry.npmmirror.com/is-binary-path/2.1.0
      is-glob: registry.npmmirror.com/is-glob/4.0.3
      normalize-path: registry.npmmirror.com/normalize-path/3.0.0
      readdirp: registry.npmmirror.com/readdirp/3.6.0
    optionalDependencies:
      fsevents: registry.npmmirror.com/fsevents/2.3.2
    dev: false

  registry.npmmirror.com/estree-walker/2.0.2:
    resolution: {integrity: sha512-Rfkk/Mp/DL7JVje3u18FxFujQlTNR2q6QfMSMB7AvCBx91NGj/ba3kCfza0f6dVDbw7YlRf/nDrn7pQrCCyQ/w==, registry: https://registry.nlark.com/, tarball: https://registry.npmmirror.com/estree-walker/-/estree-walker-2.0.2.tgz}
    name: estree-walker
    version: 2.0.2
    dev: true

  registry.npmmirror.com/fill-range/7.0.1:
    resolution: {integrity: sha512-qOo9F+dMUmC2Lcb4BbVvnKJxTPjCm+RRpe4gDuGrzkL7mEVl/djYSu2OdQ2Pa302N4oqkSg9ir6jaLWJ2USVpQ==, registry: https://registry.nlark.com/, tarball: https://registry.npmmirror.com/fill-range/-/fill-range-7.0.1.tgz}
    name: fill-range
    version: 7.0.1
    engines: {node: '>=8'}
    dependencies:
      to-regex-range: registry.npmmirror.com/to-regex-range/5.0.1
    dev: false

  registry.npmmirror.com/fsevents/2.3.2:
    resolution: {integrity: sha512-xiqMQR4xAeHTuB9uWm+fFRcIOgKBMiOBP+eXiyT7jsgVCq1bkVygt00oASowB7EdtpOHaaPgKt812P9ab+DDKA==, registry: https://registry.nlark.com/, tarball: https://registry.npmmirror.com/fsevents/-/fsevents-2.3.2.tgz}
    name: fsevents
    version: 2.3.2
    engines: {node: ^8.16.0 || ^10.6.0 || >=11.0.0}
    os: [darwin]
    requiresBuild: true
    dev: false
    optional: true

  registry.npmmirror.com/glob-parent/5.1.2:
    resolution: {integrity: sha512-AOIgSQCepiJYwP3ARnGx+5VnTu2HBYdzbGP45eLw1vr3zB3vZLeyed1sC9hnbcOc9/SrMyM5RPQrkGz4aS9Zow==, registry: https://registry.nlark.com/, tarball: https://registry.npmmirror.com/glob-parent/-/glob-parent-5.1.2.tgz}
    name: glob-parent
    version: 5.1.2
    engines: {node: '>= 6'}
    dependencies:
      is-glob: registry.npmmirror.com/is-glob/4.0.3
    dev: false

  registry.npmmirror.com/is-binary-path/2.1.0:
    resolution: {integrity: sha512-ZMERYes6pDydyuGidse7OsHxtbI7WVeUEozgR/g7rd0xUimYNlvZRE/K2MgZTjWy725IfelLeVcEM97mmtRGXw==, registry: https://registry.nlark.com/, tarball: https://registry.npmmirror.com/is-binary-path/-/is-binary-path-2.1.0.tgz}
    name: is-binary-path
    version: 2.1.0
    engines: {node: '>=8'}
    dependencies:
      binary-extensions: registry.npmmirror.com/binary-extensions/2.2.0
    dev: false

  registry.npmmirror.com/is-extglob/2.1.1:
    resolution: {integrity: sha512-SbKbANkN603Vi4jEZv49LeVJMn4yGwsbzZworEoyEiutsN3nJYdbO36zfhGJ6QEDpOZIFkDtnq5JRxmvl3jsoQ==, registry: https://registry.nlark.com/, tarball: https://registry.npmmirror.com/is-extglob/-/is-extglob-2.1.1.tgz}
    name: is-extglob
    version: 2.1.1
    engines: {node: '>=0.10.0'}
    dev: false

  registry.npmmirror.com/is-glob/4.0.3:
    resolution: {integrity: sha512-xelSayHH36ZgE7ZWhli7pW34hNbNl8Ojv5KVmkJD4hBdD3th8Tfk9vYasLM+mXWOZhFkgZfxhLSnrwRr4elSSg==, registry: https://registry.nlark.com/, tarball: https://registry.npmmirror.com/is-glob/-/is-glob-4.0.3.tgz}
    name: is-glob
    version: 4.0.3
    engines: {node: '>=0.10.0'}
    dependencies:
      is-extglob: registry.npmmirror.com/is-extglob/2.1.1
    dev: false

  registry.npmmirror.com/is-number/7.0.0:
    resolution: {integrity: sha512-41Cifkg6e8TylSpdtTpeLVMqvSBEVzTttHvERD741+pnZ8ANv0004MRL43QKPDlK9cGvNp6NZWZUBlbGXYxxng==, registry: https://registry.nlark.com/, tarball: https://registry.npmmirror.com/is-number/-/is-number-7.0.0.tgz}
    name: is-number
    version: 7.0.0
    engines: {node: '>=0.12.0'}
    dev: false

  registry.npmmirror.com/local-pkg/0.4.1:
    resolution: {integrity: sha512-lL87ytIGP2FU5PWwNDo0w3WhIo2gopIAxPg9RxDYF7m4rr5ahuZxP22xnJHIvaLTe4Z9P6uKKY2UHiwyB4pcrw==, registry: https://registry.nlark.com/, tarball: https://registry.npmmirror.com/local-pkg/-/local-pkg-0.4.1.tgz}
    name: local-pkg
    version: 0.4.1
    engines: {node: '>=14'}
    dev: false

  registry.npmmirror.com/magic-string/0.25.9:
    resolution: {integrity: sha512-RmF0AsMzgt25qzqqLc1+MbHmhdx0ojF2Fvs4XnOqz2ZOBXzzkEwc/dJQZCYHAn7v1jbVOjAZfK8msRn4BxO4VQ==, registry: https://registry.nlark.com/, tarball: https://registry.npmmirror.com/magic-string/-/magic-string-0.25.9.tgz}
    name: magic-string
    version: 0.25.9
    dependencies:
      sourcemap-codec: registry.npmmirror.com/sourcemap-codec/1.4.8
    dev: true

  registry.npmmirror.com/nanoid/3.3.2:
    resolution: {integrity: sha512-CuHBogktKwpm5g2sRgv83jEy2ijFzBwMoYA60orPDR7ynsLijJDqgsi4RDGj3OJpy3Ieb+LYwiRmIOGyytgITA==, registry: https://registry.nlark.com/, tarball: https://registry.npmmirror.com/nanoid/-/nanoid-3.3.2.tgz}
    name: nanoid
    version: 3.3.2
    engines: {node: ^10 || ^12 || ^13.7 || ^14 || >=15.0.1}
    hasBin: true
    dev: true

  registry.npmmirror.com/normalize-path/3.0.0:
    resolution: {integrity: sha512-6eZs5Ls3WtCisHWp9S2GUy8dqkpGi4BVSz3GaqiE6ezub0512ESztXUwUB6C6IKbQkY2Pnb/mD4WYojCRwcwLA==, registry: https://registry.nlark.com/, tarball: https://registry.npmmirror.com/normalize-path/-/normalize-path-3.0.0.tgz}
    name: normalize-path
    version: 3.0.0
    engines: {node: '>=0.10.0'}
    dev: false

  registry.npmmirror.com/picocolors/1.0.0:
    resolution: {integrity: sha512-1fygroTLlHu66zi26VoTDv8yRgm0Fccecssto+MhsZ0D/DGW2sm8E8AjW7NU5VVTRt5GxbeZ5qBuJr+HyLYkjQ==, registry: https://registry.nlark.com/, tarball: https://registry.npmmirror.com/picocolors/-/picocolors-1.0.0.tgz}
    name: picocolors
    version: 1.0.0
    dev: true

  registry.npmmirror.com/picomatch/2.3.1:
    resolution: {integrity: sha512-JU3teHTNjmE2VCGFzuY8EXzCDVwEqB2a8fsIvwaStHhAWJEeVd1o1QD80CU6+ZdEXXSLbSsuLwJjkCBWqRQUVA==, registry: https://registry.nlark.com/, tarball: https://registry.npmmirror.com/picomatch/-/picomatch-2.3.1.tgz}
    name: picomatch
    version: 2.3.1
    engines: {node: '>=8.6'}
    dev: false

  registry.npmmirror.com/postcss/8.4.12:
    resolution: {integrity: sha512-lg6eITwYe9v6Hr5CncVbK70SoioNQIq81nsaG86ev5hAidQvmOeETBqs7jm43K2F5/Ley3ytDtriImV6TpNiSg==, registry: https://registry.nlark.com/, tarball: https://registry.npmmirror.com/postcss/-/postcss-8.4.12.tgz}
    name: postcss
    version: 8.4.12
    engines: {node: ^10 || ^12 || >=14}
    dependencies:
      nanoid: registry.npmmirror.com/nanoid/3.3.2
      picocolors: registry.npmmirror.com/picocolors/1.0.0
      source-map-js: registry.npmmirror.com/source-map-js/1.0.2
    dev: true

  registry.npmmirror.com/readdirp/3.6.0:
    resolution: {integrity: sha512-hOS089on8RduqdbhvQ5Z37A0ESjsqz6qnRcffsMU3495FuTdqSm+7bhJ29JvIOsBDEEnan5DPu9t3To9VRlMzA==, registry: https://registry.nlark.com/, tarball: https://registry.npmmirror.com/readdirp/-/readdirp-3.6.0.tgz}
    name: readdirp
    version: 3.6.0
    engines: {node: '>=8.10.0'}
    dependencies:
      picomatch: registry.npmmirror.com/picomatch/2.3.1
    dev: false

  registry.npmmirror.com/source-map-js/1.0.2:
    resolution: {integrity: sha512-R0XvVJ9WusLiqTCEiGCmICCMplcCkIwwR11mOSD9CR5u+IXYdiseeEuXCVAjS54zqwkLcPNnmU4OeJ6tUrWhDw==, registry: https://registry.nlark.com/, tarball: https://registry.npmmirror.com/source-map-js/-/source-map-js-1.0.2.tgz}
    name: source-map-js
    version: 1.0.2
    engines: {node: '>=0.10.0'}
    dev: true

  registry.npmmirror.com/source-map/0.6.1:
    resolution: {integrity: sha512-UjgapumWlbMhkBgzT7Ykc5YXUT46F0iKu8SGXq0bcwP5dz/h0Plj6enJqjz1Zbq2l5WaqYnrVbwWOWMyF3F47g==, registry: https://registry.nlark.com/, tarball: https://registry.npmmirror.com/source-map/-/source-map-0.6.1.tgz}
    name: source-map
    version: 0.6.1
    engines: {node: '>=0.10.0'}
    dev: true

  registry.npmmirror.com/sourcemap-codec/1.4.8:
    resolution: {integrity: sha512-9NykojV5Uih4lgo5So5dtw+f0JgJX30KCNI8gwhz2J9A15wD0Ml6tjHKwf6fTSa6fAdVBdZeNOs9eJ71qCk8vA==, registry: https://registry.nlark.com/, tarball: https://registry.npmmirror.com/sourcemap-codec/-/sourcemap-codec-1.4.8.tgz}
    name: sourcemap-codec
    version: 1.4.8
    dev: true

  registry.npmmirror.com/to-regex-range/5.0.1:
    resolution: {integrity: sha512-65P7iz6X5yEr1cwcgvQxbbIw7Uk3gOy5dIdtZ4rDveLqhrdJP+Li/Hx6tyK0NEb+2GCyneCMJiGqrADCSNk8sQ==, registry: https://registry.nlark.com/, tarball: https://registry.npmmirror.com/to-regex-range/-/to-regex-range-5.0.1.tgz}
    name: to-regex-range
    version: 5.0.1
    engines: {node: '>=8.0'}
    dependencies:
      is-number: registry.npmmirror.com/is-number/7.0.0
    dev: false

  registry.npmmirror.com/tslib/2.3.1:
    resolution: {integrity: sha512-77EbyPPpMz+FRFRuAFlWMtmgUWGe9UOG2Z25NqCwiIjRhOf5iKGuzSe5P2w1laq+FkRy4p+PCuVkJSGkzTEKVw==, registry: https://registry.nlark.com/, tarball: https://registry.npmmirror.com/tslib/-/tslib-2.3.1.tgz}
    name: tslib
    version: 2.3.1
    dev: true

  registry.npmmirror.com/unplugin/0.6.1:
    resolution: {integrity: sha512-cQqRCgQ2v/Q4fPIWNVZ6sNIDdl5v8JXOnlsUOsGzT4fblTONoPWaytiYSpu5qJ9lvSDZYAQN6BRVo3XQoZMfUQ==, registry: https://registry.nlark.com/, tarball: https://registry.npmmirror.com/unplugin/-/unplugin-0.6.1.tgz}
    name: unplugin
    version: 0.6.1
    peerDependencies:
      esbuild: '>=0.13'
      rollup: ^2.50.0
      vite: ^2.3.0
      webpack: 4 || 5
    peerDependenciesMeta:
      esbuild:
        optional: true
      rollup:
        optional: true
      vite:
        optional: true
      webpack:
        optional: true
    dependencies:
      chokidar: registry.npmmirror.com/chokidar/3.5.3
      webpack-sources: registry.npmmirror.com/webpack-sources/3.2.3
      webpack-virtual-modules: registry.npmmirror.com/webpack-virtual-modules/0.4.3
    dev: false

  registry.npmmirror.com/webpack-sources/3.2.3:
    resolution: {integrity: sha512-/DyMEOrDgLKKIG0fmvtz+4dUX/3Ghozwgm6iPp8KRhvn+eQf9+Q7GWxVNMk3+uCPWfdXYC4ExGBckIXdFEfH1w==, registry: https://registry.nlark.com/, tarball: https://registry.npmmirror.com/webpack-sources/-/webpack-sources-3.2.3.tgz}
    name: webpack-sources
    version: 3.2.3
    engines: {node: '>=10.13.0'}
    dev: false

  registry.npmmirror.com/webpack-virtual-modules/0.4.3:
    resolution: {integrity: sha512-5NUqC2JquIL2pBAAo/VfBP6KuGkHIZQXW/lNKupLPfhViwh8wNsu0BObtl09yuKZszeEUfbXz8xhrHvSG16Nqw==, registry: https://registry.nlark.com/, tarball: https://registry.npmmirror.com/webpack-virtual-modules/-/webpack-virtual-modules-0.4.3.tgz}
    name: webpack-virtual-modules
    version: 0.4.3
    dev: false
